
Microsoft Visual Studio Solution File, Format Version 12.00
# Visual Studio Version 17
VisualStudioVersion = 17.5.33516.290
MinimumVisualStudioVersion = 10.0.40219.1
Project("{FAE04EC0-301F-11D3-BF4B-00C04F79EFBC}") = "Shopping", "Shopping\Shopping.csproj", "{FB7BAC8D-2F0E-4AD5-857A-DD611A790BAB}"
EndProject
Global
	GlobalSection(SolutionConfigurationPlatforms) = preSolution
		Debug|Any CPU = Debug|Any CPU
		Release|Any CPU = Release|Any CPU
	EndGlobalSection
	GlobalSection(ProjectConfigurationPlatforms) = postSolution
		{FB7BAC8D-2F0E-4AD5-857A-DD611A790BAB}.Debug|Any CPU.ActiveCfg = Debug|Any CPU
		{FB7BAC8D-2F0E-4AD5-857A-DD611A790BAB}.Debug|Any CPU.Build.0 = Debug|Any CPU
		{FB7BAC8D-2F0E-4AD5-857A-DD611A790BAB}.Release|Any CPU.ActiveCfg = Release|Any CPU
		{FB7BAC8D-2F0E-4AD5-857A-DD611A790BAB}.Release|Any CPU.Build.0 = Release|Any CPU
	EndGlobalSection
	GlobalSection(SolutionProperties) = preSolution
		HideSolutionNode = FALSE
	EndGlobalSection
	GlobalSection(ExtensibilityGlobals) = postSolution
		SolutionGuid = {6543E752-D7BA-4DE3-91B7-3BB5049BA42D}
	EndGlobalSection
EndGlobal
